
Microsoft Visual Studio Solution File, Format Version 12.00
# Visual Studio Version 16
VisualStudioVersion = 16.0.30804.86
MinimumVisualStudioVersion = 10.0.40219.1
Project("{FAE04EC0-301F-11D3-BF4B-00C04F79EFBC}") = "BluetoothWindowsLocker", "BluetoothWindowsLocker\BluetoothWindowsLocker.csproj", "{6F7BDEBF-47AB-4C3F-9C5D-812046E4CEF2}"
EndProject
Global
	GlobalSection(SolutionConfigurationPlatforms) = preSolution
		Debug|Any CPU = Debug|Any CPU
		Release|Any CPU = Release|Any CPU
	EndGlobalSection
	GlobalSection(ProjectConfigurationPlatforms) = postSolution
		{6F7BDEBF-47AB-4C3F-9C5D-812046E4CEF2}.Debug|Any CPU.ActiveCfg = Debug|Any CPU
		{6F7BDEBF-47AB-4C3F-9C5D-812046E4CEF2}.Debug|Any CPU.Build.0 = Debug|Any CPU
		{6F7BDEBF-47AB-4C3F-9C5D-812046E4CEF2}.Release|Any CPU.ActiveCfg = Release|Any CPU
		{6F7BDEBF-47AB-4C3F-9C5D-812046E4CEF2}.Release|Any CPU.Build.0 = Release|Any CPU
	EndGlobalSection
	GlobalSection(SolutionProperties) = preSolution
		HideSolutionNode = FALSE
	EndGlobalSection
	GlobalSection(ExtensibilityGlobals) = postSolution
		SolutionGuid = {60061AF4-BB96-47E4-A6FA-469060FED7CA}
	EndGlobalSection
EndGlobal
